Microsoft Visual Studio Solution File, Format Version 12.00
# Visual Studio Version 16
VisualStudioVersion = 16.0.0.0
MinimumVisualStudioVersion = 16.0.0.0
Project("{9A19103F-16F7-4668-BE54-9A1E7A4F7556}") = "blazorwasm.Server", "Server\blazorwasm.Server.csproj", "{6BF2D9E1-DB1C-4909-A241-D8689017A41A}"
EndProject
Project("{9A19103F-16F7-4668-BE54-9A1E7A4F7556}") = "blazorwasm.Client", "Client\blazorwasm.Client.csproj", "{016A63D5-1BFC-4523-9A4B-340CE2E0203B}"
EndProject
Project("{9A19103F-16F7-4668-BE54-9A1E7A4F7556}") = "blazorwasm.Shared", "Shared\blazorwasm.Shared.csproj", "{B6E904F9-8B20-4F13-9C57-31F2D56F7970}"
EndProject
Global
	GlobalSection(SolutionConfigurationPlatforms) = preSolution
		Debug|Any CPU = Debug|Any CPU
		Debug|x64 = Debug|x64
		Debug|x86 = Debug|x86
		Release|Any CPU = Release|Any CPU
		Release|x64 = Release|x64
		Release|x86 = Release|x86
	EndGlobalSection
	GlobalSection(ProjectConfigurationPlatforms) = postSolution
		{016A63D5-1BFC-4523-9A4B-340CE2E0203B}.Debug|Any CPU.ActiveCfg = Debug|Any CPU
		{016A63D5-1BFC-4523-9A4B-340CE2E0203B}.Debug|Any CPU.Build.0 = Debug|Any CPU
		{016A63D5-1BFC-4523-9A4B-340CE2E0203B}.Debug|x64.ActiveCfg = Debug|Any CPU
		{016A63D5-1BFC-4523-9A4B-340CE2E0203B}.Debug|x64.Build.0 = Debug|Any CPU
		{016A63D5-1BFC-4523-9A4B-340CE2E0203B}.Debug|x86.ActiveCfg = Debug|Any CPU
		{016A63D5-1BFC-4523-9A4B-340CE2E0203B}.Debug|x86.Build.0 = Debug|Any CPU
		{016A63D5-1BFC-4523-9A4B-340CE2E0203B}.Release|Any CPU.ActiveCfg = Release|Any CPU
		{016A63D5-1BFC-4523-9A4B-340CE2E0203B}.Release|Any CPU.Build.0 = Release|Any CPU
		{016A63D5-1BFC-4523-9A4B-340CE2E0203B}.Release|x64.ActiveCfg = Release|Any CPU
		{016A63D5-1BFC-4523-9A4B-340CE2E0203B}.Release|x64.Build.0 = Release|Any CPU
		{016A63D5-1BFC-4523-9A4B-340CE2E0203B}.Release|x86.ActiveCfg = Release|Any CPU
		{016A63D5-1BFC-4523-9A4B-340CE2E0203B}.Release|x86.Build.0 = Release|Any CPU
		{6BF2D9E1-DB1C-4909-A241-D8689017A41A}.Debug|Any CPU.ActiveCfg = Debug|Any CPU
		{6BF2D9E1-DB1C-4909-A241-D8689017A41A}.Debug|Any CPU.Build.0 = Debug|Any CPU
		{6BF2D9E1-DB1C-4909-A241-D8689017A41A}.Debug|x64.ActiveCfg = Debug|Any CPU
		{6BF2D9E1-DB1C-4909-A241-D8689017A41A}.Debug|x64.Build.0 = Debug|Any CPU
		{6BF2D9E1-DB1C-4909-A241-D8689017A41A}.Debug|x86.ActiveCfg = Debug|Any CPU
		{6BF2D9E1-DB1C-4909-A241-D8689017A41A}.Debug|x86.Build.0 = Debug|Any CPU
		{6BF2D9E1-DB1C-4909-A241-D8689017A41A}.Release|Any CPU.ActiveCfg = Release|Any CPU
		{6BF2D9E1-DB1C-4909-A241-D8689017A41A}.Release|Any CPU.Build.0 = Release|Any CPU
		{6BF2D9E1-DB1C-4909-A241-D8689017A41A}.Release|x64.ActiveCfg = Release|Any CPU
		{6BF2D9E1-DB1C-4909-A241-D8689017A41A}.Release|x64.Build.0 = Release|Any CPU
		{6BF2D9E1-DB1C-4909-A241-D8689017A41A}.Release|x86.ActiveCfg = Release|Any CPU
		{6BF2D9E1-DB1C-4909-A241-D8689017A41A}.Release|x86.Build.0 = Release|Any CPU
		{B6E904F9-8B20-4F13-9C57-31F2D56F7970}.Debug|Any CPU.ActiveCfg = Debug|Any CPU
		{B6E904F9-8B20-4F13-9C57-31F2D56F7970}.Debug|Any CPU.Build.0 = Debug|Any CPU
		{B6E904F9-8B20-4F13-9C57-31F2D56F7970}.Debug|x64.ActiveCfg = Debug|Any CPU
		{B6E904F9-8B20-4F13-9C57-31F2D56F7970}.Debug|x64.Build.0 = Debug|Any CPU
		{B6E904F9-8B20-4F13-9C57-31F2D56F7970}.Debug|x86.ActiveCfg = Debug|Any CPU
		{B6E904F9-8B20-4F13-9C57-31F2D56F7970}.Debug|x86.Build.0 = Debug|Any CPU
		{B6E904F9-8B20-4F13-9C57-31F2D56F7970}.Release|Any CPU.ActiveCfg = Release|Any CPU
		{B6E904F9-8B20-4F13-9C57-31F2D56F7970}.Release|Any CPU.Build.0 = Release|Any CPU
		{B6E904F9-8B20-4F13-9C57-31F2D56F7970}.Release|x64.ActiveCfg = Release|Any CPU
		{B6E904F9-8B20-4F13-9C57-31F2D56F7970}.Release|x64.Build.0 = Release|Any CPU
		{B6E904F9-8B20-4F13-9C57-31F2D56F7970}.Release|x86.ActiveCfg = Release|Any CPU
		{B6E904F9-8B20-4F13-9C57-31F2D56F7970}.Release|x86.Build.0 = Release|Any CPU
	EndGlobalSection
	GlobalSection(SolutionProperties) = preSolution
		HideSolutionNode = FALSE
	EndGlobalSection
	GlobalSection(ExtensibilityGlobals) = postSolution
		SolutionGuid = {A828D178-0C77-4102-BC38-ACDA7A207828}
	EndGlobalSection
EndGlobal